// !$*UTF8*$!
{
	archiveVersion = 1;
	classes = {
	};
	objectVersion = 56;
	objects = {

/* Begin PBXBuildFile section */
		F94254DB2C32ADCC00C2560F /* AppDelegate.swift in Sources */ = {isa = PBXBuildFile; fileRef = F94254DA2C32ADCC00C2560F /* AppDelegate.swift */; };
		F94254DD2C32ADCC00C2560F /* SceneDelegate.swift in Sources */ = {isa = PBXBuildFile; fileRef = F94254DC2C32ADCC00C2560F /* SceneDelegate.swift */; };
		F94254DF2C32ADCC00C2560F /* ViewController.swift in Sources */ = {isa = PBXBuildFile; fileRef = F94254DE2C32ADCC00C2560F /* ViewController.swift */; };
		F94254E22C32ADCC00C2560F /* Base in Resources */ = {isa = PBXBuildFile; fileRef = F94254E12C32ADCC00C2560F /* Base */; };
		F94254E42C32ADCD00C2560F /* Assets.xcassets in Resources */ = {isa = PBXBuildFile; fileRef = F94254E32C32ADCD00C2560F /* Assets.xcassets */; };
		F94254E72C32ADCD00C2560F /* Base in Resources */ = {isa = PBXBuildFile; fileRef = F94254E62C32ADCD00C2560F /* Base */; };
		F94254F52C32B1EB00C2560F /* UniformTypeIdentifiers.framework in Frameworks */ = {isa = PBXBuildFile; fileRef = F94254F42C32B1EB00C2560F /* UniformTypeIdentifiers.framework */; };
		F94254F82C32B1EB00C2560F /* Media.xcassets in Resources */ = {isa = PBXBuildFile; fileRef = F94254F72C32B1EB00C2560F /* Media.xcassets */; };
		F94254FA2C32B1EB00C2560F /* ActionViewController.swift in Sources */ = {isa = PBXBuildFile; fileRef = F94254F92C32B1EB00C2560F /* ActionViewController.swift */; };
		F94254FD2C32B1EB00C2560F /* Base in Resources */ = {isa = PBXBuildFile; fileRef = F94254FC2C32B1EB00C2560F /* Base */; };
		F94255012C32B1EB00C2560F /* Extension.appex in Embed Foundation Extensions */ = {isa = PBXBuildFile; fileRef = F94254F22C32B1EB00C2560F /* Extension.appex */; settings = {ATTRIBUTES = (RemoveHeadersOnCopy, ); }; };
		F94255072C32B65D00C2560F /* Action.js in Resources */ = {isa = PBXBuildFile; fileRef = F94255062C32B65D00C2560F /* Action.js */; };
/* End PBXBuildFile section */

/* Begin PBXContainerItemProxy section */
		F94254FF2C32B1EB00C2560F /* PBXContainerItemProxy */ = {
			isa = PBXContainerItemProxy;
			containerPortal = F94254CF2C32ADCC00C2560F /* Project object */;
			proxyType = 1;
			remoteGlobalIDString = F94254F12C32B1EB00C2560F;
			remoteInfo = Extension;
		};
/* End PBXContainerItemProxy section */

/* Begin PBXCopyFilesBuildPhase section */
		F94255052C32B1EB00C2560F /* Embed Foundation Extensions */ = {
			isa = PBXCopyFilesBuildPhase;
			buildActionMask = 2147483647;
			dstPath = "";
			dstSubfolderSpec = 13;
			files = (
				F94255012C32B1EB00C2560F /* Extension.appex in Embed Foundation Extensions */,
			);
			name = "Embed Foundation Extensions";
			runOnlyForDeploymentPostprocessing = 0;
		};
/* End PBXCopyFilesBuildPhase section */

/* Begin PBXFileReference section */
		F94254D72C32ADCC00C2560F /* Project 19.app */ = {isa = PBXFileReference; explicitFileType = wrapper.application; includeInIndex = 0; path = "Project 19.app"; sourceTree = BUILT_PRODUCTS_DIR; };
		F94254DA2C32ADCC00C2560F /* AppDelegate.swift */ = {isa = PBXFileReference; lastKnownFileType = sourcecode.swift; path = AppDelegate.swift; sourceTree = "<group>"; };
		F94254DC2C32ADCC00C2560F /* SceneDelegate.swift */ = {isa = PBXFileReference; lastKnownFileType = sourcecode.swift; path = SceneDelegate.swift; sourceTree = "<group>"; };
		F94254DE2C32ADCC00C2560F /* ViewController.swift */ = {isa = PBXFileReference; lastKnownFileType = sourcecode.swift; path = ViewController.swift; sourceTree = "<group>"; };
		F94254E12C32ADCC00C2560F /* Base */ = {isa = PBXFileReference; lastKnownFileType = file.storyboard; name = Base; path = Base.lproj/Main.storyboard; sourceTree = "<group>"; };
		F94254E32C32ADCD00C2560F /* Assets.xcassets */ = {isa = PBXFileReference; lastKnownFileType = folder.assetcatalog; path = Assets.xcassets; sourceTree = "<group>"; };
		F94254E62C32ADCD00C2560F /* Base */ = {isa = PBXFileReference; lastKnownFileType = file.storyboard; name = Base; path = Base.lproj/LaunchScreen.storyboard; sourceTree = "<group>"; };
		F94254E82C32ADCD00C2560F /* Info.plist */ = {isa = PBXFileReference; lastKnownFileType = text.plist.xml; path = Info.plist; sourceTree = "<group>"; };
		F94254F22C32B1EB00C2560F /* Extension.appex */ = {isa = PBXFileReference; explicitFileType = "wrapper.app-extension"; includeInIndex = 0; path = Extension.appex; sourceTree = BUILT_PRODUCTS_DIR; };
		F94254F42C32B1EB00C2560F /* UniformTypeIdentifiers.framework */ = {isa = PBXFileReference; lastKnownFileType = wrapper.framework; name = UniformTypeIdentifiers.framework; path = System/Library/Frameworks/UniformTypeIdentifiers.framework; sourceTree = SDKROOT; };
		F94254F72C32B1EB00C2560F /* Media.xcassets */ = {isa = PBXFileReference; lastKnownFileType = folder.assetcatalog; path = Media.xcassets; sourceTree = "<group>"; };
		F94254F92C32B1EB00C2560F /* ActionViewController.swift */ = {isa = PBXFileReference; lastKnownFileType = sourcecode.swift; path = ActionViewController.swift; sourceTree = "<group>"; };
		F94254FC2C32B1EB00C2560F /* Base */ = {isa = PBXFileReference; lastKnownFileType = file.storyboard; name = Base; path = Base.lproj/MainInterface.storyboard; sourceTree = "<group>"; };
		F94254FE2C32B1EB00C2560F /* Info.plist */ = {isa = PBXFileReference; lastKnownFileType = text.plist.xml; path = Info.plist; sourceTree = "<group>"; };
		F94255062C32B65D00C2560F /* Action.js */ = {isa = PBXFileReference; lastKnownFileType = sourcecode.javascript; path = Action.js; sourceTree = "<group>"; };
/* End PBXFileReference section */

/* Begin PBXFrameworksBuildPhase section */
		F94254D42C32ADCC00C2560F /* Frameworks */ = {
			isa = PBXFrameworksBuildPhase;
			buildActionMask = 2147483647;
			files = (
			);
			runOnlyForDeploymentPostprocessing = 0;
		};
		F94254EF2C32B1EB00C2560F /* Frameworks */ = {
			isa = PBXFrameworksBuildPhase;
			buildActionMask = 2147483647;
			files = (
				F94254F52C32B1EB00C2560F /* UniformTypeIdentifiers.framework in Frameworks */,
			);
			runOnlyForDeploymentPostprocessing = 0;
		};
/* End PBXFrameworksBuildPhase section */

/* Begin PBXGroup section */
		F94254CE2C32ADCC00C2560F = {
			isa = PBXGroup;
			children = (
				F94254D92C32ADCC00C2560F /* Project 19 */,
				F94254F62C32B1EB00C2560F /* Extension */,
				F94254F32C32B1EB00C2560F /* Frameworks */,
				F94254D82C32ADCC00C2560F /* Products */,
			);
			sourceTree = "<group>";
		};
		F94254D82C32ADCC00C2560F /* Products */ = {
			isa = PBXGroup;
			children = (
				F94254D72C32ADCC00C2560F /* Project 19.app */,
				F94254F22C32B1EB00C2560F /* Extension.appex */,
			);
			name = Products;
			sourceTree = "<group>";
		};
		F94254D92C32ADCC00C2560F /* Project 19 */ = {
			isa = PBXGroup;
			children = (
				F94254DA2C32ADCC00C2560F /* AppDelegate.swift */,
				F94254DC2C32ADCC00C2560F /* SceneDelegate.swift */,
				F94254DE2C32ADCC00C2560F /* ViewController.swift */,
				F94254E02C32ADCC00C2560F /* Main.storyboard */,
				F94254E32C32ADCD00C2560F /* Assets.xcassets */,
				F94254E52C32ADCD00C2560F /* LaunchScreen.storyboard */,
				F94254E82C32ADCD00C2560F /* Info.plist */,
			);
			path = "Project 19";
			sourceTree = "<group>";
		};
		F94254F32C32B1EB00C2560F /* Frameworks */ = {
			isa = PBXGroup;
			children = (
				F94254F42C32B1EB00C2560F /* UniformTypeIdentifiers.framework */,
			);
			name = Frameworks;
			sourceTree = "<group>";
		};
		F94254F62C32B1EB00C2560F /* Extension */ = {
			isa = PBXGroup;
			children = (
				F94254F72C32B1EB00C2560F /* Media.xcassets */,
				F94254F92C32B1EB00C2560F /* ActionViewController.swift */,
				F94254FB2C32B1EB00C2560F /* MainInterface.storyboard */,
				F94254FE2C32B1EB00C2560F /* Info.plist */,
				F94255062C32B65D00C2560F /* Action.js */,
			);
			path = Extension;
			sourceTree = "<group>";
		};
/* End PBXGroup section */

/* Begin PBXNativeTarget section */
		F94254D62C32ADCC00C2560F /* Project 19 */ = {
			isa = PBXNativeTarget;
			buildConfigurationList = F94254EB2C32ADCD00C2560F /* Build configuration list for PBXNativeTarget "Project 19" */;
			buildPhases = (
				F94254D32C32ADCC00C2560F /* Sources */,
				F94254D42C32ADCC00C2560F /* Frameworks */,
				F94254D52C32ADCC00C2560F /* Resources */,
				F94255052C32B1EB00C2560F /* Embed Foundation Extensions */,
			);
			buildRules = (
			);
			dependencies = (
				F94255002C32B1EB00C2560F /* PBXTargetDependency */,
			);
			name = "Project 19";
			productName = "Project 19";
			productReference = F94254D72C32ADCC00C2560F /* Project 19.app */;
			productType = "com.apple.product-type.application";
		};
		F94254F12C32B1EB00C2560F /* Extension */ = {
			isa = PBXNativeTarget;
			buildConfigurationList = F94255022C32B1EB00C2560F /* Build configuration list for PBXNativeTarget "Extension" */;
			buildPhases = (
				F94254EE2C32B1EB00C2560F /* Sources */,
				F94254EF2C32B1EB00C2560F /* Frameworks */,
				F94254F02C32B1EB00C2560F /* Resources */,
			);
			buildRules = (
			);
			dependencies = (
			);
			name = Extension;
			productName = Extension;
			productReference = F94254F22C32B1EB00C2560F /* Extension.appex */;
			productType = "com.apple.product-type.app-extension";
		};
/* End PBXNativeTarget section */

/* Begin PBXProject section */
		F94254CF2C32ADCC00C2560F /* Project object */ = {
			isa = PBXProject;
			attributes = {
				BuildIndependentTargetsInParallel = 1;
				LastSwiftUpdateCheck = 1530;
				LastUpgradeCheck = 1530;
				TargetAttributes = {
					F94254D62C32ADCC00C2560F = {
						CreatedOnToolsVersion = 15.3;
					};
					F94254F12C32B1EB00C2560F = {
						CreatedOnToolsVersion = 15.3;
					};
				};
			};
			buildConfigurationList = F94254D22C32ADCC00C2560F /* Build configuration list for PBXProject "Project 19" */;
			compatibilityVersion = "Xcode 14.0";
			developmentRegion = en;
			hasScannedForEncodings = 0;
			knownRegions = (
				en,
				Base,
			);
			mainGroup = F94254CE2C32ADCC00C2560F;
			productRefGroup = F94254D82C32ADCC00C2560F /* Products */;
			projectDirPath = "";
			projectRoot = "";
			targets = (
				F94254D62C32ADCC00C2560F /* Project 19 */,
				F94254F12C32B1EB00C2560F /* Extension */,
			);
		};
/* End PBXProject section */

/* Begin PBXResourcesBuildPhase section */
		F94254D52C32ADCC00C2560F /* Resources */ = {
			isa = PBXResourcesBuildPhase;
			buildActionMask = 2147483647;
			files = (
				F94254E42C32ADCD00C2560F /* Assets.xcassets in Resources */,
				F94254E72C32ADCD00C2560F /* Base in Resources */,
				F94254E22C32ADCC00C2560F /* Base in Resources */,
			);
			runOnlyForDeploymentPostprocessing = 0;
		};
		F94254F02C32B1EB00C2560F /* Resources */ = {
			isa = PBXResourcesBuildPhase;
			buildActionMask = 2147483647;
			files = (
				F94255072C32B65D00C2560F /* Action.js in Resources */,
				F94254F82C32B1EB00C2560F /* Media.xcassets in Resources */,
				F94254FD2C32B1EB00C2560F /* Base in Resources */,
			);
			runOnlyForDeploymentPostprocessing = 0;
		};
/* End PBXResourcesBuildPhase section */

/* Begin PBXSourcesBuildPhase section */
		F94254D32C32ADCC00C2560F /* Sources */ = {
			isa = PBXSourcesBuildPhase;
			buildActionMask = 2147483647;
			files = (
				F94254DF2C32ADCC00C2560F /* ViewController.swift in Sources */,
				F94254DB2C32ADCC00C2560F /* AppDelegate.swift in Sources */,
				F94254DD2C32ADCC00C2560F /* SceneDelegate.swift in Sources */,
			);
			runOnlyForDeploymentPostprocessing = 0;
		};
		F94254EE2C32B1EB00C2560F /* Sources */ = {
			isa = PBXSourcesBuildPhase;
			buildActionMask = 2147483647;
			files = (
				F94254FA2C32B1EB00C2560F /* ActionViewController.swift in Sources */,
			);
			runOnlyForDeploymentPostprocessing = 0;
		};
/* End PBXSourcesBuildPhase section */

/* Begin PBXTargetDependency section */
		F94255002C32B1EB00C2560F /* PBXTargetDependency */ = {
			isa = PBXTargetDependency;
			target = F94254F12C32B1EB00C2560F /* Extension */;
			targetProxy = F94254FF2C32B1EB00C2560F /* PBXContainerItemProxy */;
		};
/* End PBXTargetDependency section */

/* Begin PBXVariantGroup section */
		F94254E02C32ADCC00C2560F /* Main.storyboard */ = {
			isa = PBXVariantGroup;
			children = (
				F94254E12C32ADCC00C2560F /* Base */,
			);
			name = Main.storyboard;
			sourceTree = "<group>";
		};
		F94254E52C32ADCD00C2560F /* LaunchScreen.storyboard */ = {
			isa = PBXVariantGroup;
			children = (
				F94254E62C32ADCD00C2560F /* Base */,
			);
			name = LaunchScreen.storyboard;
			sourceTree = "<group>";
		};
		F94254FB2C32B1EB00C2560F /* MainInterface.storyboard */ = {
			isa = PBXVariantGroup;
			children = (
				F94254FC2C32B1EB00C2560F /* Base */,
			);
			name = MainInterface.storyboard;
			sourceTree = "<group>";
		};
/* End PBXVariantGroup section */

/* Begin XCBuildConfiguration section */
		F94254E92C32ADCD00C2560F /* Debug */ = {
			isa = XCBuildConfiguration;
			buildSettings = {
				ALWAYS_SEARCH_USER_PATHS = NO;
				ASSETCATALOG_COMPILER_GENERATE_SWIFT_ASSET_SYMBOL_EXTENSIONS = YES;
				CLANG_ANALYZER_NONNULL = YES;
				CLANG_ANALYZER_NUMBER_OBJECT_CONVERSION = YES_AGGRESSIVE;
				CLANG_CXX_LANGUAGE_STANDARD = "gnu++20";
				CLANG_ENABLE_MODULES = YES;
				CLANG_ENABLE_OBJC_ARC = YES;
				CLANG_ENABLE_OBJC_WEAK = YES;
				CLANG_WARN_BLOCK_CAPTURE_AUTORELEASING = YES;
				CLANG_WARN_BOOL_CONVERSION = YES;
				CLANG_WARN_COMMA = YES;
				CLANG_WARN_CONSTANT_CONVERSION = YES;
				CLANG_WARN_DEPRECATED_OBJC_IMPLEMENTATIONS = YES;
				CLANG_WARN_DIRECT_OBJC_ISA_USAGE = YES_ERROR;
				CLANG_WARN_DOCUMENTATION_COMMENTS = YES;
				CLANG_WARN_EMPTY_BODY = YES;
				CLANG_WARN_ENUM_CONVERSION = YES;
				CLANG_WARN_INFINITE_RECURSION = YES;
				CLANG_WARN_INT_CONVERSION = YES;
				CLANG_WARN_NON_LITERAL_NULL_CONVERSION = YES;
				CLANG_WARN_OBJC_IMPLICIT_RETAIN_SELF = YES;
				CLANG_WARN_OBJC_LITERAL_CONVERSION = YES;
				CLANG_WARN_OBJC_ROOT_CLASS = YES_ERROR;
				CLANG_WARN_QUOTED_INCLUDE_IN_FRAMEWORK_HEADER = YES;
				CLANG_WARN_RANGE_LOOP_ANALYSIS = YES;
				CLANG_WARN_STRICT_PROTOTYPES = YES;
				CLANG_WARN_SUSPICIOUS_MOVE = YES;
				CLANG_WARN_UNGUARDED_AVAILABILITY = YES_AGGRESSIVE;
				CLANG_WARN_UNREACHABLE_CODE = YES;
				CLANG_WARN__DUPLICATE_METHOD_MATCH = YES;
				COPY_PHASE_STRIP = NO;
				DEBUG_INFORMATION_FORMAT = dwarf;
				ENABLE_STRICT_OBJC_MSGSEND = YES;
				ENABLE_TESTABILITY = YES;
				ENABLE_USER_SCRIPT_SANDBOXING = YES;
				GCC_C_LANGUAGE_STANDARD = gnu17;
				GCC_DYNAMIC_NO_PIC = NO;
				GCC_NO_COMMON_BLOCKS = YES;
				GCC_OPTIMIZATION_LEVEL = 0;
				GCC_PREPROCESSOR_DEFINITIONS = (
					"DEBUG=1",
					"$(inherited)",
				);
				GCC_WARN_64_TO_32_BIT_CONVERSION = YES;
				GCC_WARN_ABOUT_RETURN_TYPE = YES_ERROR;
				GCC_WARN_UNDECLARED_SELECTOR = YES;
				GCC_WARN_UNINITIALIZED_AUTOS = YES_AGGRESSIVE;
				GCC_WARN_UNUSED_FUNCTION = YES;
				GCC_WARN_UNUSED_VARIABLE = YES;
				IPHONEOS_DEPLOYMENT_TARGET = 17.4;
				LOCALIZATION_PREFERS_STRING_CATALOGS = YES;
				MTL_ENABLE_DEBUG_INFO = INCLUDE_SOURCE;
				MTL_FAST_MATH = YES;
				ONLY_ACTIVE_ARCH = YES;
				SDKROOT = iphoneos;
				SWIFT_ACTIVE_COMPILATION_CONDITIONS = "DEBUG $(inherited)";
				SWIFT_OPTIMIZATION_LEVEL = "-Onone";
			};
			name = Debug;
		};
		F94254EA2C32ADCD00C2560F /* Release */ = {
			isa = XCBuildConfiguration;
			buildSettings = {
				ALWAYS_SEARCH_USER_PATHS = NO;
				ASSETCATALOG_COMPILER_GENERATE_SWIFT_ASSET_SYMBOL_EXTENSIONS = YES;
				CLANG_ANALYZER_NONNULL = YES;
				CLANG_ANALYZER_NUMBER_OBJECT_CONVERSION = YES_AGGRESSIVE;
				CLANG_CXX_LANGUAGE_STANDARD = "gnu++20";
				CLANG_ENABLE_MODULES = YES;
				CLANG_ENABLE_OBJC_ARC = YES;
				CLANG_ENABLE_OBJC_WEAK = YES;
				CLANG_WARN_BLOCK_CAPTURE_AUTORELEASING = YES;
				CLANG_WARN_BOOL_CONVERSION = YES;
				CLANG_WARN_COMMA = YES;
				CLANG_WARN_CONSTANT_CONVERSION = YES;
				CLANG_WARN_DEPRECATED_OBJC_IMPLEMENTATIONS = YES;
				CLANG_WARN_DIRECT_OBJC_ISA_USAGE = YES_ERROR;
				CLANG_WARN_DOCUMENTATION_COMMENTS = YES;
				CLANG_WARN_EMPTY_BODY = YES;
				CLANG_WARN_ENUM_CONVERSION = YES;
				CLANG_WARN_INFINITE_RECURSION = YES;
				CLANG_WARN_INT_CONVERSION = YES;
				CLANG_WARN_NON_LITERAL_NULL_CONVERSION = YES;
				CLANG_WARN_OBJC_IMPLICIT_RETAIN_SELF = YES;
				CLANG_WARN_OBJC_LITERAL_CONVERSION = YES;
				CLANG_WARN_OBJC_ROOT_CLASS = YES_ERROR;
				CLANG_WARN_QUOTED_INCLUDE_IN_FRAMEWORK_HEADER = YES;
				CLANG_WARN_RANGE_LOOP_ANALYSIS = YES;
				CLANG_WARN_STRICT_PROTOTYPES = YES;
				CLANG_WARN_SUSPICIOUS_MOVE = YES;
				CLANG_WARN_UNGUARDED_AVAILABILITY = YES_AGGRESSIVE;
				CLANG_WARN_UNREACHABLE_CODE = YES;
				CLANG_WARN__DUPLICATE_METHOD_MATCH = YES;
				COPY_PHASE_STRIP = NO;
				DEBUG_INFORMATION_FORMAT = "dwarf-with-dsym";
				ENABLE_NS_ASSERTIONS = NO;
				ENABLE_STRICT_OBJC_MSGSEND = YES;
				ENABLE_USER_SCRIPT_SANDBOXING = YES;
				GCC_C_LANGUAGE_STANDARD = gnu17;
				GCC_NO_COMMON_BLOCKS = YES;
				GCC_WARN_64_TO_32_BIT_CONVERSION = YES;
				GCC_WARN_ABOUT_RETURN_TYPE = YES_ERROR;
				GCC_WARN_UNDECLARED_SELECTOR = YES;
				GCC_WARN_UNINITIALIZED_AUTOS = YES_AGGRESSIVE;
				GCC_WARN_UNUSED_FUNCTION = YES;
				GCC_WARN_UNUSED_VARIABLE = YES;
				IPHONEOS_DEPLOYMENT_TARGET = 17.4;
				LOCALIZATION_PREFERS_STRING_CATALOGS = YES;
				MTL_ENABLE_DEBUG_INFO = NO;
				MTL_FAST_MATH = YES;
				SDKROOT = iphoneos;
				SWIFT_COMPILATION_MODE = wholemodule;
				VALIDATE_PRODUCT = YES;
			};
			name = Release;
		};
		F94254EC2C32ADCD00C2560F /* Debug */ = {
			isa = XCBuildConfiguration;
			buildSettings = {
				ALWAYS_EMBED_SWIFT_STANDARD_LIBRARIES = YES;
				ASSETCATALOG_COMPILER_APPICON_NAME = AppIcon;
				ASSETCATALOG_COMPILER_GLOBAL_ACCENT_COLOR_NAME = AccentColor;
				CODE_SIGN_STYLE = Automatic;
				CURRENT_PROJECT_VERSION = 1;
				DEVELOPMENT_TEAM = QA7NV8W422;
				GENERATE_INFOPLIST_FILE = YES;
				INFOPLIST_FILE = "Project 19/Info.plist";
				INFOPLIST_KEY_UIApplicationSupportsIndirectInputEvents = YES;
				INFOPLIST_KEY_UILaunchStoryboardName = LaunchScreen;
				INFOPLIST_KEY_UIMainStoryboardFile = Main;
				INFOPLIST_KEY_UISupportedInterfaceOrientations_iPad = "UIInterfaceOrientationPortrait UIInterfaceOrientationPortraitUpsideDown UIInterfaceOrientationLandscapeLeft UIInterfaceOrientationLandscapeRight";
				INFOPLIST_KEY_UISupportedInterfaceOrientations_iPhone = "UIInterfaceOrientationPortrait UIInterfaceOrientationLandscapeLeft UIInterfaceOrientationLandscapeRight";
				LD_RUNPATH_SEARCH_PATHS = (
					"$(inherited)",
					"@executable_path/Frameworks",
				);
				MARKETING_VERSION = 1.0;
				PRODUCT_BUNDLE_IDENTIFIER = "com.example.Project-19";
				PRODUCT_NAME = "$(TARGET_NAME)";
				SWIFT_EMIT_LOC_STRINGS = YES;
				SWIFT_VERSION = 5.0;
				TARGETED_DEVICE_FAMILY = "1,2";
			};
			name = Debug;
		};
		F94254ED2C32ADCD00C2560F /* Release */ = {
			isa = XCBuildConfiguration;
			buildSettings = {
				ALWAYS_EMBED_SWIFT_STANDARD_LIBRARIES = YES;
				ASSETCATALOG_COMPILER_APPICON_NAME = AppIcon;
				ASSETCATALOG_COMPILER_GLOBAL_ACCENT_COLOR_NAME = AccentColor;
				CODE_SIGN_STYLE = Automatic;
				CURRENT_PROJECT_VERSION = 1;
				DEVELOPMENT_TEAM = QA7NV8W422;
				GENERATE_INFOPLIST_FILE = YES;
				INFOPLIST_FILE = "Project 19/Info.plist";
				INFOPLIST_KEY_UIApplicationSupportsIndirectInputEvents = YES;
				INFOPLIST_KEY_UILaunchStoryboardName = LaunchScreen;
				INFOPLIST_KEY_UIMainStoryboardFile = Main;
				INFOPLIST_KEY_UISupportedInterfaceOrientations_iPad = "UIInterfaceOrientationPortrait UIInterfaceOrientationPortraitUpsideDown UIInterfaceOrientationLandscapeLeft UIInterfaceOrientationLandscapeRight";
				INFOPLIST_KEY_UISupportedInterfaceOrientations_iPhone = "UIInterfaceOrientationPortrait UIInterfaceOrientationLandscapeLeft UIInterfaceOrientationLandscapeRight";
				LD_RUNPATH_SEARCH_PATHS = (
					"$(inherited)",
					"@executable_path/Frameworks",
				);
				MARKETING_VERSION = 1.0;
				PRODUCT_BUNDLE_IDENTIFIER = "com.example.Project-19";
				PRODUCT_NAME = "$(TARGET_NAME)";
				SWIFT_EMIT_LOC_STRINGS = YES;
				SWIFT_VERSION = 5.0;
				TARGETED_DEVICE_FAMILY = "1,2";
			};
			name = Release;
		};
		F94255032C32B1EB00C2560F /* Debug */ = {
			isa = XCBuildConfiguration;
			buildSettings = {
				CODE_SIGN_STYLE = Automatic;
				CURRENT_PROJECT_VERSION = 1;
				DEVELOPMENT_TEAM = QA7NV8W422;
				GENERATE_INFOPLIST_FILE = YES;
				INFOPLIST_FILE = Extension/Info.plist;
				INFOPLIST_KEY_CFBundleDisplayName = Extension;
				INFOPLIST_KEY_NSHumanReadableCopyright = "";
				LD_RUNPATH_SEARCH_PATHS = (
					"$(inherited)",
					"@executable_path/Frameworks",
					"@executable_path/../../Frameworks",
				);
				MARKETING_VERSION = 1.0;
				PRODUCT_BUNDLE_IDENTIFIER = "com.example.Project-19.Extension";
				PRODUCT_NAME = "$(TARGET_NAME)";
				SKIP_INSTALL = YES;
				SWIFT_EMIT_LOC_STRINGS = YES;
				SWIFT_VERSION = 5.0;
				TARGETED_DEVICE_FAMILY = "1,2";
			};
			name = Debug;
		};
		F94255042C32B1EB00C2560F /* Release */ = {
			isa = XCBuildConfiguration;
			buildSettings = {
				CODE_SIGN_STYLE = Automatic;
				CURRENT_PROJECT_VERSION = 1;
				DEVELOPMENT_TEAM = QA7NV8W422;
				GENERATE_INFOPLIST_FILE = YES;
				INFOPLIST_FILE = Extension/Info.plist;
				INFOPLIST_KEY_CFBundleDisplayName = Extension;
				INFOPLIST_KEY_NSHumanReadableCopyright = "";
				LD_RUNPATH_SEARCH_PATHS = (
					"$(inherited)",
					"@executable_path/Frameworks",
					"@executable_path/../../Frameworks",
				);
				MARKETING_VERSION = 1.0;
				PRODUCT_BUNDLE_IDENTIFIER = "com.example.Project-19.Extension";
				PRODUCT_NAME = "$(TARGET_NAME)";
				SKIP_INSTALL = YES;
				SWIFT_EMIT_LOC_STRINGS = YES;
				SWIFT_VERSION = 5.0;
				TARGETED_DEVICE_FAMILY = "1,2";
			};
			name = Release;
		};
/* End XCBuildConfiguration section */

/* Begin XCConfigurationList section */
		F94254D22C32ADCC00C2560F /* Build configuration list for PBXProject "Project 19" */ = {
			isa = XCConfigurationList;
			buildConfigurations = (
				F94254E92C32ADCD00C2560F /* Debug */,
				F94254EA2C32ADCD00C2560F /* Release */,
			);
			defaultConfigurationIsVisible = 0;
			defaultConfigurationName = Release;
		};
		F94254EB2C32ADCD00C2560F /* Build configuration list for PBXNativeTarget "Project 19" */ = {
			isa = XCConfigurationList;
			buildConfigurations = (
				F94254EC2C32ADCD00C2560F /* Debug */,
				F94254ED2C32ADCD00C2560F /* Release */,
			);
			defaultConfigurationIsVisible = 0;
			defaultConfigurationName = Release;
		};
		F94255022C32B1EB00C2560F /* Build configuration list for PBXNativeTarget "Extension" */ = {
			isa = XCConfigurationList;
			buildConfigurations = (
				F94255032C32B1EB00C2560F /* Debug */,
				F94255042C32B1EB00C2560F /* Release */,
			);
			defaultConfigurationIsVisible = 0;
			defaultConfigurationName = Release;
		};
/* End XCConfigurationList section */
	};
	rootObject = F94254CF2C32ADCC00C2560F /* Project object */;
}
