// !$*UTF8*$!
{
	archiveVersion = 1;
	classes = {
	};
	objectVersion = 56;
	objects = {

/* Begin PBXBuildFile section */
		F94254942C2EB7FA00C2560F /* AppDelegate.swift in Sources */ = {isa = PBXBuildFile; fileRef = F94254932C2EB7FA00C2560F /* AppDelegate.swift */; };
		F94254962C2EB7FA00C2560F /* GameScene.sks in Resources */ = {isa = PBXBuildFile; fileRef = F94254952C2EB7FA00C2560F /* GameScene.sks */; };
		F942549A2C2EB7FA00C2560F /* GameScene.swift in Sources */ = {isa = PBXBuildFile; fileRef = F94254992C2EB7FA00C2560F /* GameScene.swift */; };
		F942549C2C2EB7FA00C2560F /* GameViewController.swift in Sources */ = {isa = PBXBuildFile; fileRef = F942549B2C2EB7FA00C2560F /* GameViewController.swift */; };
		F942549F2C2EB7FA00C2560F /* Base in Resources */ = {isa = PBXBuildFile; fileRef = F942549E2C2EB7FA00C2560F /* Base */; };
		F94254A12C2EB7FB00C2560F /* Assets.xcassets in Resources */ = {isa = PBXBuildFile; fileRef = F94254A02C2EB7FB00C2560F /* Assets.xcassets */; };
		F94254A42C2EB7FB00C2560F /* Base in Resources */ = {isa = PBXBuildFile; fileRef = F94254A32C2EB7FB00C2560F /* Base */; };
		F94254AC2C2EB88100C2560F /* explosion.sks in Resources */ = {isa = PBXBuildFile; fileRef = F94254AA2C2EB88100C2560F /* explosion.sks */; };
		F94254AD2C2EB88100C2560F /* starfield.sks in Resources */ = {isa = PBXBuildFile; fileRef = F94254AB2C2EB88100C2560F /* starfield.sks */; };
/* End PBXBuildFile section */

/* Begin PBXFileReference section */
		F94254902C2EB7FA00C2560F /* Project 17.app */ = {isa = PBXFileReference; explicitFileType = wrapper.application; includeInIndex = 0; path = "Project 17.app"; sourceTree = BUILT_PRODUCTS_DIR; };
		F94254932C2EB7FA00C2560F /* AppDelegate.swift */ = {isa = PBXFileReference; lastKnownFileType = sourcecode.swift; path = AppDelegate.swift; sourceTree = "<group>"; };
		F94254952C2EB7FA00C2560F /* GameScene.sks */ = {isa = PBXFileReference; lastKnownFileType = file.sks; path = GameScene.sks; sourceTree = "<group>"; };
		F94254992C2EB7FA00C2560F /* GameScene.swift */ = {isa = PBXFileReference; lastKnownFileType = sourcecode.swift; path = GameScene.swift; sourceTree = "<group>"; };
		F942549B2C2EB7FA00C2560F /* GameViewController.swift */ = {isa = PBXFileReference; lastKnownFileType = sourcecode.swift; path = GameViewController.swift; sourceTree = "<group>"; };
		F942549E2C2EB7FA00C2560F /* Base */ = {isa = PBXFileReference; lastKnownFileType = file.storyboard; name = Base; path = Base.lproj/Main.storyboard; sourceTree = "<group>"; };
		F94254A02C2EB7FB00C2560F /* Assets.xcassets */ = {isa = PBXFileReference; lastKnownFileType = folder.assetcatalog; path = Assets.xcassets; sourceTree = "<group>"; };
		F94254A32C2EB7FB00C2560F /* Base */ = {isa = PBXFileReference; lastKnownFileType = file.storyboard; name = Base; path = Base.lproj/LaunchScreen.storyboard; sourceTree = "<group>"; };
		F94254AA2C2EB88100C2560F /* explosion.sks */ = {isa = PBXFileReference; lastKnownFileType = file.sks; path = explosion.sks; sourceTree = "<group>"; };
		F94254AB2C2EB88100C2560F /* starfield.sks */ = {isa = PBXFileReference; lastKnownFileType = file.sks; path = starfield.sks; sourceTree = "<group>"; };
/* End PBXFileReference section */

/* Begin PBXFrameworksBuildPhase section */
		F942548D2C2EB7FA00C2560F /* Frameworks */ = {
			isa = PBXFrameworksBuildPhase;
			buildActionMask = 2147483647;
			files = (
			);
			runOnlyForDeploymentPostprocessing = 0;
		};
/* End PBXFrameworksBuildPhase section */

/* Begin PBXGroup section */
		F94254872C2EB7FA00C2560F = {
			isa = PBXGroup;
			children = (
				F94254922C2EB7FA00C2560F /* Project 17 */,
				F94254912C2EB7FA00C2560F /* Products */,
			);
			sourceTree = "<group>";
		};
		F94254912C2EB7FA00C2560F /* Products */ = {
			isa = PBXGroup;
			children = (
				F94254902C2EB7FA00C2560F /* Project 17.app */,
			);
			name = Products;
			sourceTree = "<group>";
		};
		F94254922C2EB7FA00C2560F /* Project 17 */ = {
			isa = PBXGroup;
			children = (
				F94254932C2EB7FA00C2560F /* AppDelegate.swift */,
				F94254952C2EB7FA00C2560F /* GameScene.sks */,
				F94254992C2EB7FA00C2560F /* GameScene.swift */,
				F942549B2C2EB7FA00C2560F /* GameViewController.swift */,
				F942549D2C2EB7FA00C2560F /* Main.storyboard */,
				F94254A02C2EB7FB00C2560F /* Assets.xcassets */,
				F94254A22C2EB7FB00C2560F /* LaunchScreen.storyboard */,
				F94254AA2C2EB88100C2560F /* explosion.sks */,
				F94254AB2C2EB88100C2560F /* starfield.sks */,
			);
			path = "Project 17";
			sourceTree = "<group>";
		};
/* End PBXGroup section */

/* Begin PBXNativeTarget section */
		F942548F2C2EB7FA00C2560F /* Project 17 */ = {
			isa = PBXNativeTarget;
			buildConfigurationList = F94254A72C2EB7FB00C2560F /* Build configuration list for PBXNativeTarget "Project 17" */;
			buildPhases = (
				F942548C2C2EB7FA00C2560F /* Sources */,
				F942548D2C2EB7FA00C2560F /* Frameworks */,
				F942548E2C2EB7FA00C2560F /* Resources */,
			);
			buildRules = (
			);
			dependencies = (
			);
			name = "Project 17";
			productName = "Project 17";
			productReference = F94254902C2EB7FA00C2560F /* Project 17.app */;
			productType = "com.apple.product-type.application";
		};
/* End PBXNativeTarget section */

/* Begin PBXProject section */
		F94254882C2EB7FA00C2560F /* Project object */ = {
			isa = PBXProject;
			attributes = {
				BuildIndependentTargetsInParallel = 1;
				LastSwiftUpdateCheck = 1530;
				LastUpgradeCheck = 1530;
				TargetAttributes = {
					F942548F2C2EB7FA00C2560F = {
						CreatedOnToolsVersion = 15.3;
					};
				};
			};
			buildConfigurationList = F942548B2C2EB7FA00C2560F /* Build configuration list for PBXProject "Project 17" */;
			compatibilityVersion = "Xcode 14.0";
			developmentRegion = en;
			hasScannedForEncodings = 0;
			knownRegions = (
				en,
				Base,
			);
			mainGroup = F94254872C2EB7FA00C2560F;
			productRefGroup = F94254912C2EB7FA00C2560F /* Products */;
			projectDirPath = "";
			projectRoot = "";
			targets = (
				F942548F2C2EB7FA00C2560F /* Project 17 */,
			);
		};
/* End PBXProject section */

/* Begin PBXResourcesBuildPhase section */
		F942548E2C2EB7FA00C2560F /* Resources */ = {
			isa = PBXResourcesBuildPhase;
			buildActionMask = 2147483647;
			files = (
				F94254962C2EB7FA00C2560F /* GameScene.sks in Resources */,
				F942549F2C2EB7FA00C2560F /* Base in Resources */,
				F94254A12C2EB7FB00C2560F /* Assets.xcassets in Resources */,
				F94254AC2C2EB88100C2560F /* explosion.sks in Resources */,
				F94254A42C2EB7FB00C2560F /* Base in Resources */,
				F94254AD2C2EB88100C2560F /* starfield.sks in Resources */,
			);
			runOnlyForDeploymentPostprocessing = 0;
		};
/* End PBXResourcesBuildPhase section */

/* Begin PBXSourcesBuildPhase section */
		F942548C2C2EB7FA00C2560F /* Sources */ = {
			isa = PBXSourcesBuildPhase;
			buildActionMask = 2147483647;
			files = (
				F942549A2C2EB7FA00C2560F /* GameScene.swift in Sources */,
				F942549C2C2EB7FA00C2560F /* GameViewController.swift in Sources */,
				F94254942C2EB7FA00C2560F /* AppDelegate.swift in Sources */,
			);
			runOnlyForDeploymentPostprocessing = 0;
		};
/* End PBXSourcesBuildPhase section */

/* Begin PBXVariantGroup section */
		F942549D2C2EB7FA00C2560F /* Main.storyboard */ = {
			isa = PBXVariantGroup;
			children = (
				F942549E2C2EB7FA00C2560F /* Base */,
			);
			name = Main.storyboard;
			sourceTree = "<group>";
		};
		F94254A22C2EB7FB00C2560F /* LaunchScreen.storyboard */ = {
			isa = PBXVariantGroup;
			children = (
				F94254A32C2EB7FB00C2560F /* Base */,
			);
			name = LaunchScreen.storyboard;
			sourceTree = "<group>";
		};
/* End PBXVariantGroup section */

/* Begin XCBuildConfiguration section */
		F94254A52C2EB7FB00C2560F /* Debug */ = {
			isa = XCBuildConfiguration;
			buildSettings = {
				ALWAYS_SEARCH_USER_PATHS = NO;
				ASSETCATALOG_COMPILER_GENERATE_SWIFT_ASSET_SYMBOL_EXTENSIONS = YES;
				CLANG_ANALYZER_NONNULL = YES;
				CLANG_ANALYZER_NUMBER_OBJECT_CONVERSION = YES_AGGRESSIVE;
				CLANG_CXX_LANGUAGE_STANDARD = "gnu++20";
				CLANG_ENABLE_MODULES = YES;
				CLANG_ENABLE_OBJC_ARC = YES;
				CLANG_ENABLE_OBJC_WEAK = YES;
				CLANG_WARN_BLOCK_CAPTURE_AUTORELEASING = YES;
				CLANG_WARN_BOOL_CONVERSION = YES;
				CLANG_WARN_COMMA = YES;
				CLANG_WARN_CONSTANT_CONVERSION = YES;
				CLANG_WARN_DEPRECATED_OBJC_IMPLEMENTATIONS = YES;
				CLANG_WARN_DIRECT_OBJC_ISA_USAGE = YES_ERROR;
				CLANG_WARN_DOCUMENTATION_COMMENTS = YES;
				CLANG_WARN_EMPTY_BODY = YES;
				CLANG_WARN_ENUM_CONVERSION = YES;
				CLANG_WARN_INFINITE_RECURSION = YES;
				CLANG_WARN_INT_CONVERSION = YES;
				CLANG_WARN_NON_LITERAL_NULL_CONVERSION = YES;
				CLANG_WARN_OBJC_IMPLICIT_RETAIN_SELF = YES;
				CLANG_WARN_OBJC_LITERAL_CONVERSION = YES;
				CLANG_WARN_OBJC_ROOT_CLASS = YES_ERROR;
				CLANG_WARN_QUOTED_INCLUDE_IN_FRAMEWORK_HEADER = YES;
				CLANG_WARN_RANGE_LOOP_ANALYSIS = YES;
				CLANG_WARN_STRICT_PROTOTYPES = YES;
				CLANG_WARN_SUSPICIOUS_MOVE = YES;
				CLANG_WARN_UNGUARDED_AVAILABILITY = YES_AGGRESSIVE;
				CLANG_WARN_UNREACHABLE_CODE = YES;
				CLANG_WARN__DUPLICATE_METHOD_MATCH = YES;
				COPY_PHASE_STRIP = NO;
				DEBUG_INFORMATION_FORMAT = dwarf;
				ENABLE_STRICT_OBJC_MSGSEND = YES;
				ENABLE_TESTABILITY = YES;
				ENABLE_USER_SCRIPT_SANDBOXING = YES;
				GCC_C_LANGUAGE_STANDARD = gnu17;
				GCC_DYNAMIC_NO_PIC = NO;
				GCC_NO_COMMON_BLOCKS = YES;
				GCC_OPTIMIZATION_LEVEL = 0;
				GCC_PREPROCESSOR_DEFINITIONS = (
					"DEBUG=1",
					"$(inherited)",
				);
				GCC_WARN_64_TO_32_BIT_CONVERSION = YES;
				GCC_WARN_ABOUT_RETURN_TYPE = YES_ERROR;
				GCC_WARN_UNDECLARED_SELECTOR = YES;
				GCC_WARN_UNINITIALIZED_AUTOS = YES_AGGRESSIVE;
				GCC_WARN_UNUSED_FUNCTION = YES;
				GCC_WARN_UNUSED_VARIABLE = YES;
				IPHONEOS_DEPLOYMENT_TARGET = 17.4;
				LOCALIZATION_PREFERS_STRING_CATALOGS = YES;
				MTL_ENABLE_DEBUG_INFO = INCLUDE_SOURCE;
				MTL_FAST_MATH = YES;
				ONLY_ACTIVE_ARCH = YES;
				SDKROOT = iphoneos;
				SWIFT_ACTIVE_COMPILATION_CONDITIONS = "DEBUG $(inherited)";
				SWIFT_OPTIMIZATION_LEVEL = "-Onone";
			};
			name = Debug;
		};
		F94254A62C2EB7FB00C2560F /* Release */ = {
			isa = XCBuildConfiguration;
			buildSettings = {
				ALWAYS_SEARCH_USER_PATHS = NO;
				ASSETCATALOG_COMPILER_GENERATE_SWIFT_ASSET_SYMBOL_EXTENSIONS = YES;
				CLANG_ANALYZER_NONNULL = YES;
				CLANG_ANALYZER_NUMBER_OBJECT_CONVERSION = YES_AGGRESSIVE;
				CLANG_CXX_LANGUAGE_STANDARD = "gnu++20";
				CLANG_ENABLE_MODULES = YES;
				CLANG_ENABLE_OBJC_ARC = YES;
				CLANG_ENABLE_OBJC_WEAK = YES;
				CLANG_WARN_BLOCK_CAPTURE_AUTORELEASING = YES;
				CLANG_WARN_BOOL_CONVERSION = YES;
				CLANG_WARN_COMMA = YES;
				CLANG_WARN_CONSTANT_CONVERSION = YES;
				CLANG_WARN_DEPRECATED_OBJC_IMPLEMENTATIONS = YES;
				CLANG_WARN_DIRECT_OBJC_ISA_USAGE = YES_ERROR;
				CLANG_WARN_DOCUMENTATION_COMMENTS = YES;
				CLANG_WARN_EMPTY_BODY = YES;
				CLANG_WARN_ENUM_CONVERSION = YES;
				CLANG_WARN_INFINITE_RECURSION = YES;
				CLANG_WARN_INT_CONVERSION = YES;
				CLANG_WARN_NON_LITERAL_NULL_CONVERSION = YES;
				CLANG_WARN_OBJC_IMPLICIT_RETAIN_SELF = YES;
				CLANG_WARN_OBJC_LITERAL_CONVERSION = YES;
				CLANG_WARN_OBJC_ROOT_CLASS = YES_ERROR;
				CLANG_WARN_QUOTED_INCLUDE_IN_FRAMEWORK_HEADER = YES;
				CLANG_WARN_RANGE_LOOP_ANALYSIS = YES;
				CLANG_WARN_STRICT_PROTOTYPES = YES;
				CLANG_WARN_SUSPICIOUS_MOVE = YES;
				CLANG_WARN_UNGUARDED_AVAILABILITY = YES_AGGRESSIVE;
				CLANG_WARN_UNREACHABLE_CODE = YES;
				CLANG_WARN__DUPLICATE_METHOD_MATCH = YES;
				COPY_PHASE_STRIP = NO;
				DEBUG_INFORMATION_FORMAT = "dwarf-with-dsym";
				ENABLE_NS_ASSERTIONS = NO;
				ENABLE_STRICT_OBJC_MSGSEND = YES;
				ENABLE_USER_SCRIPT_SANDBOXING = YES;
				GCC_C_LANGUAGE_STANDARD = gnu17;
				GCC_NO_COMMON_BLOCKS = YES;
				GCC_WARN_64_TO_32_BIT_CONVERSION = YES;
				GCC_WARN_ABOUT_RETURN_TYPE = YES_ERROR;
				GCC_WARN_UNDECLARED_SELECTOR = YES;
				GCC_WARN_UNINITIALIZED_AUTOS = YES_AGGRESSIVE;
				GCC_WARN_UNUSED_FUNCTION = YES;
				GCC_WARN_UNUSED_VARIABLE = YES;
				IPHONEOS_DEPLOYMENT_TARGET = 17.4;
				LOCALIZATION_PREFERS_STRING_CATALOGS = YES;
				MTL_ENABLE_DEBUG_INFO = NO;
				MTL_FAST_MATH = YES;
				SDKROOT = iphoneos;
				SWIFT_COMPILATION_MODE = wholemodule;
				VALIDATE_PRODUCT = YES;
			};
			name = Release;
		};
		F94254A82C2EB7FB00C2560F /* Debug */ = {
			isa = XCBuildConfiguration;
			buildSettings = {
				ASSETCATALOG_COMPILER_APPICON_NAME = AppIcon;
				ASSETCATALOG_COMPILER_GLOBAL_ACCENT_COLOR_NAME = AccentColor;
				CODE_SIGN_STYLE = Automatic;
				CURRENT_PROJECT_VERSION = 1;
				DEVELOPMENT_TEAM = QA7NV8W422;
				GENERATE_INFOPLIST_FILE = YES;
				INFOPLIST_KEY_UIApplicationSupportsIndirectInputEvents = YES;
				INFOPLIST_KEY_UILaunchStoryboardName = LaunchScreen;
				INFOPLIST_KEY_UIMainStoryboardFile = Main;
				INFOPLIST_KEY_UIStatusBarHidden = YES;
				INFOPLIST_KEY_UISupportedInterfaceOrientations = "UIInterfaceOrientationLandscapeLeft UIInterfaceOrientationLandscapeRight";
				LD_RUNPATH_SEARCH_PATHS = (
					"$(inherited)",
					"@executable_path/Frameworks",
				);
				MARKETING_VERSION = 1.0;
				PRODUCT_BUNDLE_IDENTIFIER = "com.example.Project-17";
				PRODUCT_NAME = "$(TARGET_NAME)";
				SWIFT_EMIT_LOC_STRINGS = YES;
				SWIFT_VERSION = 5.0;
				TARGETED_DEVICE_FAMILY = "1,2";
			};
			name = Debug;
		};
		F94254A92C2EB7FB00C2560F /* Release */ = {
			isa = XCBuildConfiguration;
			buildSettings = {
				ASSETCATALOG_COMPILER_APPICON_NAME = AppIcon;
				ASSETCATALOG_COMPILER_GLOBAL_ACCENT_COLOR_NAME = AccentColor;
				CODE_SIGN_STYLE = Automatic;
				CURRENT_PROJECT_VERSION = 1;
				DEVELOPMENT_TEAM = QA7NV8W422;
				GENERATE_INFOPLIST_FILE = YES;
				INFOPLIST_KEY_UIApplicationSupportsIndirectInputEvents = YES;
				INFOPLIST_KEY_UILaunchStoryboardName = LaunchScreen;
				INFOPLIST_KEY_UIMainStoryboardFile = Main;
				INFOPLIST_KEY_UIStatusBarHidden = YES;
				INFOPLIST_KEY_UISupportedInterfaceOrientations = "UIInterfaceOrientationLandscapeLeft UIInterfaceOrientationLandscapeRight";
				LD_RUNPATH_SEARCH_PATHS = (
					"$(inherited)",
					"@executable_path/Frameworks",
				);
				MARKETING_VERSION = 1.0;
				PRODUCT_BUNDLE_IDENTIFIER = "com.example.Project-17";
				PRODUCT_NAME = "$(TARGET_NAME)";
				SWIFT_EMIT_LOC_STRINGS = YES;
				SWIFT_VERSION = 5.0;
				TARGETED_DEVICE_FAMILY = "1,2";
			};
			name = Release;
		};
/* End XCBuildConfiguration section */

/* Begin XCConfigurationList section */
		F942548B2C2EB7FA00C2560F /* Build configuration list for PBXProject "Project 17" */ = {
			isa = XCConfigurationList;
			buildConfigurations = (
				F94254A52C2EB7FB00C2560F /* Debug */,
				F94254A62C2EB7FB00C2560F /* Release */,
			);
			defaultConfigurationIsVisible = 0;
			defaultConfigurationName = Release;
		};
		F94254A72C2EB7FB00C2560F /* Build configuration list for PBXNativeTarget "Project 17" */ = {
			isa = XCConfigurationList;
			buildConfigurations = (
				F94254A82C2EB7FB00C2560F /* Debug */,
				F94254A92C2EB7FB00C2560F /* Release */,
			);
			defaultConfigurationIsVisible = 0;
			defaultConfigurationName = Release;
		};
/* End XCConfigurationList section */
	};
	rootObject = F94254882C2EB7FA00C2560F /* Project object */;
}
